
Microsoft Visual Studio Solution File, Format Version 12.00
# Visual Studio Version 16
VisualStudioVersion = 16.0.29709.97
MinimumVisualStudioVersion = 10.0.40219.1
Project("{9092AA53-FB77-4645-B42D-1CCCA6BD08BD}") = "BZKRecordAnalysis", "BZKRecordAnalysis.njsproj", "{20E618BA-557F-4029-B2E8-C5FF530AAAE6}"
EndProject
Global
	GlobalSection(SolutionConfigurationPlatforms) = preSolution
		Debug|Any CPU = Debug|Any CPU
		Release|Any CPU = Release|Any CPU
	EndGlobalSection
	GlobalSection(ProjectConfigurationPlatforms) = postSolution
		{20E618BA-557F-4029-B2E8-C5FF530AAAE6}.Debug|Any CPU.ActiveCfg = Debug|Any CPU
		{20E618BA-557F-4029-B2E8-C5FF530AAAE6}.Debug|Any CPU.Build.0 = Debug|Any CPU
		{20E618BA-557F-4029-B2E8-C5FF530AAAE6}.Release|Any CPU.ActiveCfg = Release|Any CPU
		{20E618BA-557F-4029-B2E8-C5FF530AAAE6}.Release|Any CPU.Build.0 = Release|Any CPU
	EndGlobalSection
	GlobalSection(SolutionProperties) = preSolution
		HideSolutionNode = FALSE
	EndGlobalSection
	GlobalSection(ExtensibilityGlobals) = postSolution
		SolutionGuid = {A1AD4AE9-3660-4A3C-B1AF-43A75BA538EC}
	EndGlobalSection
EndGlobal
